
Microsoft Visual Studio Solution File, Format Version 12.00
# Visual Studio Version 16
VisualStudioVersion = 16.0.31702.278
MinimumVisualStudioVersion = 10.0.40219.1
Project("{9A19103F-16F7-4668-BE54-9A1E7A4F7556}") = "DAL_QLBH", "DAL_QLBH\DAL_QLBH.csproj", "{563F8059-2335-40DB-97BB-FF7701CEB6F7}"
EndProject
Project("{9A19103F-16F7-4668-BE54-9A1E7A4F7556}") = "BUS_QLBH", "BUS_QLBH\BUS_QLBH.csproj", "{CFB85BB8-B8C0-4971-AF5C-D79AA9435CBC}"
EndProject
Project("{FAE04EC0-301F-11D3-BF4B-00C04F79EFBC}") = "GUI_QLBH", "GUI_QLBH\GUI_QLBH.csproj", "{5913D4FF-DC99-4F9C-A04C-9E809AC8DE94}"
EndProject
Global
	GlobalSection(SolutionConfigurationPlatforms) = preSolution
		Debug|Any CPU = Debug|Any CPU
		Release|Any CPU = Release|Any CPU
	EndGlobalSection
	GlobalSection(ProjectConfigurationPlatforms) = postSolution
		{563F8059-2335-40DB-97BB-FF7701CEB6F7}.Debug|Any CPU.ActiveCfg = Debug|Any CPU
		{563F8059-2335-40DB-97BB-FF7701CEB6F7}.Debug|Any CPU.Build.0 = Debug|Any CPU
		{563F8059-2335-40DB-97BB-FF7701CEB6F7}.Release|Any CPU.ActiveCfg = Release|Any CPU
		{563F8059-2335-40DB-97BB-FF7701CEB6F7}.Release|Any CPU.Build.0 = Release|Any CPU
		{CFB85BB8-B8C0-4971-AF5C-D79AA9435CBC}.Debug|Any CPU.ActiveCfg = Debug|Any CPU
		{CFB85BB8-B8C0-4971-AF5C-D79AA9435CBC}.Debug|Any CPU.Build.0 = Debug|Any CPU
		{CFB85BB8-B8C0-4971-AF5C-D79AA9435CBC}.Release|Any CPU.ActiveCfg = Release|Any CPU
		{CFB85BB8-B8C0-4971-AF5C-D79AA9435CBC}.Release|Any CPU.Build.0 = Release|Any CPU
		{5913D4FF-DC99-4F9C-A04C-9E809AC8DE94}.Debug|Any CPU.ActiveCfg = Debug|Any CPU
		{5913D4FF-DC99-4F9C-A04C-9E809AC8DE94}.Debug|Any CPU.Build.0 = Debug|Any CPU
		{5913D4FF-DC99-4F9C-A04C-9E809AC8DE94}.Release|Any CPU.ActiveCfg = Release|Any CPU
		{5913D4FF-DC99-4F9C-A04C-9E809AC8DE94}.Release|Any CPU.Build.0 = Release|Any CPU
	EndGlobalSection
	GlobalSection(SolutionProperties) = preSolution
		HideSolutionNode = FALSE
	EndGlobalSection
	GlobalSection(ExtensibilityGlobals) = postSolution
		SolutionGuid = {F423321E-E4B5-47AA-AA92-15A30AF3E11F}
	EndGlobalSection
EndGlobal
